
Microsoft Visual Studio Solution File, Format Version 12.00
# Visual Studio 15
VisualStudioVersion = 15.0.28307.852
MinimumVisualStudioVersion = 10.0.40219.1
Project("{9092AA53-FB77-4645-B42D-1CCCA6BD08BD}") = "Assignment1", "Assignment1\Assignment1.njsproj", "{41791A1F-3B2A-4FA6-8CF3-E9830123B4C3}"
EndProject
Global
	GlobalSection(SolutionConfigurationPlatforms) = preSolution
		Debug|Any CPU = Debug|Any CPU
		Release|Any CPU = Release|Any CPU
	EndGlobalSection
	GlobalSection(ProjectConfigurationPlatforms) = postSolution
		{41791A1F-3B2A-4FA6-8CF3-E9830123B4C3}.Debug|Any CPU.ActiveCfg = Debug|Any CPU
		{41791A1F-3B2A-4FA6-8CF3-E9830123B4C3}.Debug|Any CPU.Build.0 = Debug|Any CPU
		{41791A1F-3B2A-4FA6-8CF3-E9830123B4C3}.Release|Any CPU.ActiveCfg = Release|Any CPU
		{41791A1F-3B2A-4FA6-8CF3-E9830123B4C3}.Release|Any CPU.Build.0 = Release|Any CPU
	EndGlobalSection
	GlobalSection(SolutionProperties) = preSolution
		HideSolutionNode = FALSE
	EndGlobalSection
	GlobalSection(ExtensibilityGlobals) = postSolution
		SolutionGuid = {80BCD6C2-E44C-4C88-B9B7-74EC775DD620}
	EndGlobalSection
EndGlobal
